// !$*UTF8*$!
{
	archiveVersion = 1;
	classes = {
	};
	objectVersion = 55;
	objects = {

/* Begin PBXBuildFile section */
		11764C7F28B1292A00E4AFCF /* RickAndMortyApp.swift in Sources */ = {isa = PBXBuildFile; fileRef = 11764C7E28B1292A00E4AFCF /* RickAndMortyApp.swift */; };
		11764C8128B1292A00E4AFCF /* ContentView.swift in Sources */ = {isa = PBXBuildFile; fileRef = 11764C8028B1292A00E4AFCF /* ContentView.swift */; };
		11764C8328B1292D00E4AFCF /* Assets.xcassets in Resources */ = {isa = PBXBuildFile; fileRef = 11764C8228B1292D00E4AFCF /* Assets.xcassets */; };
		11764C8628B1292D00E4AFCF /* Preview Assets.xcassets in Resources */ = {isa = PBXBuildFile; fileRef = 11764C8528B1292D00E4AFCF /* Preview Assets.xcassets */; };
		11764C9228B12A4B00E4AFCF /* Constants.swift in Sources */ = {isa = PBXBuildFile; fileRef = 11764C9128B12A4B00E4AFCF /* Constants.swift */; };
		11764C9428B12A6200E4AFCF /* Helpers.swift in Sources */ = {isa = PBXBuildFile; fileRef = 11764C9328B12A6200E4AFCF /* Helpers.swift */; };
		11764C9628B12A7D00E4AFCF /* InfoData.swift in Sources */ = {isa = PBXBuildFile; fileRef = 11764C9528B12A7D00E4AFCF /* InfoData.swift */; };
		11764C9828B12A9200E4AFCF /* LastKnownLocationData.swift in Sources */ = {isa = PBXBuildFile; fileRef = 11764C9728B12A9200E4AFCF /* LastKnownLocationData.swift */; };
		11764C9A28B12AB000E4AFCF /* CharacterData.swift in Sources */ = {isa = PBXBuildFile; fileRef = 11764C9928B12AB000E4AFCF /* CharacterData.swift */; };
		11764C9C28B12AE900E4AFCF /* CharactersData.swift in Sources */ = {isa = PBXBuildFile; fileRef = 11764C9B28B12AE900E4AFCF /* CharactersData.swift */; };
		11764C9E28B12AFC00E4AFCF /* LocationData.swift in Sources */ = {isa = PBXBuildFile; fileRef = 11764C9D28B12AFC00E4AFCF /* LocationData.swift */; };
		11764CA028B12B1000E4AFCF /* EpisodeData.swift in Sources */ = {isa = PBXBuildFile; fileRef = 11764C9F28B12B1000E4AFCF /* EpisodeData.swift */; };
		11764CA228B12B2E00E4AFCF /* CharacterModel.swift in Sources */ = {isa = PBXBuildFile; fileRef = 11764CA128B12B2E00E4AFCF /* CharacterModel.swift */; };
		11764CAC28B1357700E4AFCF /* CharacterCardView.swift in Sources */ = {isa = PBXBuildFile; fileRef = 11764CAB28B1357700E4AFCF /* CharacterCardView.swift */; };
		11764CB028B1394800E4AFCF /* CharactersViewModel.swift in Sources */ = {isa = PBXBuildFile; fileRef = 11764CAF28B1394800E4AFCF /* CharactersViewModel.swift */; };
		11764CB228B13DA800E4AFCF /* SelectedCharacterView.swift in Sources */ = {isa = PBXBuildFile; fileRef = 11764CB128B13DA800E4AFCF /* SelectedCharacterView.swift */; };
		11764CB428B13F0400E4AFCF /* AlsoFromViewModel.swift in Sources */ = {isa = PBXBuildFile; fileRef = 11764CB328B13F0400E4AFCF /* AlsoFromViewModel.swift */; };
		11764CB628B14AB500E4AFCF /* StatusData.swift in Sources */ = {isa = PBXBuildFile; fileRef = 11764CB528B14AB500E4AFCF /* StatusData.swift */; };
/* End PBXBuildFile section */

/* Begin PBXFileReference section */
		11764C7B28B1292A00E4AFCF /* RickAndMorty.app */ = {isa = PBXFileReference; explicitFileType = wrapper.application; includeInIndex = 0; path = RickAndMorty.app; sourceTree = BUILT_PRODUCTS_DIR; };
		11764C7E28B1292A00E4AFCF /* RickAndMortyApp.swift */ = {isa = PBXFileReference; lastKnownFileType = sourcecode.swift; path = RickAndMortyApp.swift; sourceTree = "<group>"; };
		11764C8028B1292A00E4AFCF /* ContentView.swift */ = {isa = PBXFileReference; lastKnownFileType = sourcecode.swift; path = ContentView.swift; sourceTree = "<group>"; };
		11764C8228B1292D00E4AFCF /* Assets.xcassets */ = {isa = PBXFileReference; lastKnownFileType = folder.assetcatalog; path = Assets.xcassets; sourceTree = "<group>"; };
		11764C8528B1292D00E4AFCF /* Preview Assets.xcassets */ = {isa = PBXFileReference; lastKnownFileType = folder.assetcatalog; path = "Preview Assets.xcassets"; sourceTree = "<group>"; };
		11764C9128B12A4B00E4AFCF /* Constants.swift */ = {isa = PBXFileReference; lastKnownFileType = sourcecode.swift; path = Constants.swift; sourceTree = "<group>"; };
		11764C9328B12A6200E4AFCF /* Helpers.swift */ = {isa = PBXFileReference; lastKnownFileType = sourcecode.swift; path = Helpers.swift; sourceTree = "<group>"; };
		11764C9528B12A7D00E4AFCF /* InfoData.swift */ = {isa = PBXFileReference; lastKnownFileType = sourcecode.swift; path = InfoData.swift; sourceTree = "<group>"; };
		11764C9728B12A9200E4AFCF /* LastKnownLocationData.swift */ = {isa = PBXFileReference; lastKnownFileType = sourcecode.swift; path = LastKnownLocationData.swift; sourceTree = "<group>"; };
		11764C9928B12AB000E4AFCF /* CharacterData.swift */ = {isa = PBXFileReference; lastKnownFileType = sourcecode.swift; path = CharacterData.swift; sourceTree = "<group>"; };
		11764C9B28B12AE900E4AFCF /* CharactersData.swift */ = {isa = PBXFileReference; lastKnownFileType = sourcecode.swift; path = CharactersData.swift; sourceTree = "<group>"; };
		11764C9D28B12AFC00E4AFCF /* LocationData.swift */ = {isa = PBXFileReference; lastKnownFileType = sourcecode.swift; path = LocationData.swift; sourceTree = "<group>"; };
		11764C9F28B12B1000E4AFCF /* EpisodeData.swift */ = {isa = PBXFileReference; lastKnownFileType = sourcecode.swift; path = EpisodeData.swift; sourceTree = "<group>"; };
		11764CA128B12B2E00E4AFCF /* CharacterModel.swift */ = {isa = PBXFileReference; lastKnownFileType = sourcecode.swift; path = CharacterModel.swift; sourceTree = "<group>"; };
		11764CAB28B1357700E4AFCF /* CharacterCardView.swift */ = {isa = PBXFileReference; lastKnownFileType = sourcecode.swift; path = CharacterCardView.swift; sourceTree = "<group>"; };
		11764CAF28B1394800E4AFCF /* CharactersViewModel.swift */ = {isa = PBXFileReference; lastKnownFileType = sourcecode.swift; path = CharactersViewModel.swift; sourceTree = "<group>"; };
		11764CB128B13DA800E4AFCF /* SelectedCharacterView.swift */ = {isa = PBXFileReference; lastKnownFileType = sourcecode.swift; path = SelectedCharacterView.swift; sourceTree = "<group>"; };
		11764CB328B13F0400E4AFCF /* AlsoFromViewModel.swift */ = {isa = PBXFileReference; lastKnownFileType = sourcecode.swift; path = AlsoFromViewModel.swift; sourceTree = "<group>"; };
		11764CB528B14AB500E4AFCF /* StatusData.swift */ = {isa = PBXFileReference; lastKnownFileType = sourcecode.swift; path = StatusData.swift; sourceTree = "<group>"; };
/* End PBXFileReference section */

/* Begin PBXFrameworksBuildPhase section */
		11764C7828B1292A00E4AFCF /* Frameworks */ = {
			isa = PBXFrameworksBuildPhase;
			buildActionMask = 2147483647;
			files = (
			);
			runOnlyForDeploymentPostprocessing = 0;
		};
/* End PBXFrameworksBuildPhase section */

/* Begin PBXGroup section */
		11764C7228B1292A00E4AFCF = {
			isa = PBXGroup;
			children = (
				11764C7D28B1292A00E4AFCF /* RickAndMorty */,
				11764C7C28B1292A00E4AFCF /* Products */,
			);
			sourceTree = "<group>";
		};
		11764C7C28B1292A00E4AFCF /* Products */ = {
			isa = PBXGroup;
			children = (
				11764C7B28B1292A00E4AFCF /* RickAndMorty.app */,
			);
			name = Products;
			sourceTree = "<group>";
		};
		11764C7D28B1292A00E4AFCF /* RickAndMorty */ = {
			isa = PBXGroup;
			children = (
				11764C7E28B1292A00E4AFCF /* RickAndMortyApp.swift */,
				11764C8C28B1294900E4AFCF /* Supporting Files */,
				11764C8E28B1295A00E4AFCF /* Data */,
				11764C8F28B1295F00E4AFCF /* Model */,
				11764C8D28B1295300E4AFCF /* View */,
				11764C9028B1296400E4AFCF /* ViewModel */,
				11764C8228B1292D00E4AFCF /* Assets.xcassets */,
				11764C8428B1292D00E4AFCF /* Preview Content */,
			);
			path = RickAndMorty;
			sourceTree = "<group>";
		};
		11764C8428B1292D00E4AFCF /* Preview Content */ = {
			isa = PBXGroup;
			children = (
				11764C8528B1292D00E4AFCF /* Preview Assets.xcassets */,
			);
			path = "Preview Content";
			sourceTree = "<group>";
		};
		11764C8C28B1294900E4AFCF /* Supporting Files */ = {
			isa = PBXGroup;
			children = (
				11764C9128B12A4B00E4AFCF /* Constants.swift */,
				11764C9328B12A6200E4AFCF /* Helpers.swift */,
			);
			path = "Supporting Files";
			sourceTree = "<group>";
		};
		11764C8D28B1295300E4AFCF /* View */ = {
			isa = PBXGroup;
			children = (
				11764C8028B1292A00E4AFCF /* ContentView.swift */,
				11764CB128B13DA800E4AFCF /* SelectedCharacterView.swift */,
				11764CAB28B1357700E4AFCF /* CharacterCardView.swift */,
			);
			path = View;
			sourceTree = "<group>";
		};
		11764C8E28B1295A00E4AFCF /* Data */ = {
			isa = PBXGroup;
			children = (
				11764C9528B12A7D00E4AFCF /* InfoData.swift */,
				11764CB528B14AB500E4AFCF /* StatusData.swift */,
				11764C9728B12A9200E4AFCF /* LastKnownLocationData.swift */,
				11764C9928B12AB000E4AFCF /* CharacterData.swift */,
				11764C9B28B12AE900E4AFCF /* CharactersData.swift */,
				11764C9D28B12AFC00E4AFCF /* LocationData.swift */,
				11764C9F28B12B1000E4AFCF /* EpisodeData.swift */,
			);
			path = Data;
			sourceTree = "<group>";
		};
		11764C8F28B1295F00E4AFCF /* Model */ = {
			isa = PBXGroup;
			children = (
				11764CA128B12B2E00E4AFCF /* CharacterModel.swift */,
			);
			path = Model;
			sourceTree = "<group>";
		};
		11764C9028B1296400E4AFCF /* ViewModel */ = {
			isa = PBXGroup;
			children = (
				11764CAF28B1394800E4AFCF /* CharactersViewModel.swift */,
				11764CB328B13F0400E4AFCF /* AlsoFromViewModel.swift */,
			);
			path = ViewModel;
			sourceTree = "<group>";
		};
/* End PBXGroup section */

/* Begin PBXNativeTarget section */
		11764C7A28B1292A00E4AFCF /* RickAndMorty */ = {
			isa = PBXNativeTarget;
			buildConfigurationList = 11764C8928B1292D00E4AFCF /* Build configuration list for PBXNativeTarget "RickAndMorty" */;
			buildPhases = (
				11764C7728B1292A00E4AFCF /* Sources */,
				11764C7828B1292A00E4AFCF /* Frameworks */,
				11764C7928B1292A00E4AFCF /* Resources */,
			);
			buildRules = (
			);
			dependencies = (
			);
			name = RickAndMorty;
			productName = RickAndMorty;
			productReference = 11764C7B28B1292A00E4AFCF /* RickAndMorty.app */;
			productType = "com.apple.product-type.application";
		};
/* End PBXNativeTarget section */

/* Begin PBXProject section */
		11764C7328B1292A00E4AFCF /* Project object */ = {
			isa = PBXProject;
			attributes = {
				BuildIndependentTargetsInParallel = 1;
				LastSwiftUpdateCheck = 1340;
				LastUpgradeCheck = 1340;
				TargetAttributes = {
					11764C7A28B1292A00E4AFCF = {
						CreatedOnToolsVersion = 13.4.1;
					};
				};
			};
			buildConfigurationList = 11764C7628B1292A00E4AFCF /* Build configuration list for PBXProject "RickAndMorty" */;
			compatibilityVersion = "Xcode 13.0";
			developmentRegion = en;
			hasScannedForEncodings = 0;
			knownRegions = (
				en,
				Base,
			);
			mainGroup = 11764C7228B1292A00E4AFCF;
			productRefGroup = 11764C7C28B1292A00E4AFCF /* Products */;
			projectDirPath = "";
			projectRoot = "";
			targets = (
				11764C7A28B1292A00E4AFCF /* RickAndMorty */,
			);
		};
/* End PBXProject section */

/* Begin PBXResourcesBuildPhase section */
		11764C7928B1292A00E4AFCF /* Resources */ = {
			isa = PBXResourcesBuildPhase;
			buildActionMask = 2147483647;
			files = (
				11764C8628B1292D00E4AFCF /* Preview Assets.xcassets in Resources */,
				11764C8328B1292D00E4AFCF /* Assets.xcassets in Resources */,
			);
			runOnlyForDeploymentPostprocessing = 0;
		};
/* End PBXResourcesBuildPhase section */

/* Begin PBXSourcesBuildPhase section */
		11764C7728B1292A00E4AFCF /* Sources */ = {
			isa = PBXSourcesBuildPhase;
			buildActionMask = 2147483647;
			files = (
				11764C9E28B12AFC00E4AFCF /* LocationData.swift in Sources */,
				11764C9A28B12AB000E4AFCF /* CharacterData.swift in Sources */,
				11764C9C28B12AE900E4AFCF /* CharactersData.swift in Sources */,
				11764C8128B1292A00E4AFCF /* ContentView.swift in Sources */,
				11764CA228B12B2E00E4AFCF /* CharacterModel.swift in Sources */,
				11764CB028B1394800E4AFCF /* CharactersViewModel.swift in Sources */,
				11764CAC28B1357700E4AFCF /* CharacterCardView.swift in Sources */,
				11764C7F28B1292A00E4AFCF /* RickAndMortyApp.swift in Sources */,
				11764CB428B13F0400E4AFCF /* AlsoFromViewModel.swift in Sources */,
				11764CB628B14AB500E4AFCF /* StatusData.swift in Sources */,
				11764C9228B12A4B00E4AFCF /* Constants.swift in Sources */,
				11764C9428B12A6200E4AFCF /* Helpers.swift in Sources */,
				11764C9828B12A9200E4AFCF /* LastKnownLocationData.swift in Sources */,
				11764C9628B12A7D00E4AFCF /* InfoData.swift in Sources */,
				11764CA028B12B1000E4AFCF /* EpisodeData.swift in Sources */,
				11764CB228B13DA800E4AFCF /* SelectedCharacterView.swift in Sources */,
			);
			runOnlyForDeploymentPostprocessing = 0;
		};
/* End PBXSourcesBuildPhase section */

/* Begin XCBuildConfiguration section */
		11764C8728B1292D00E4AFCF /* Debug */ = {
			isa = XCBuildConfiguration;
			buildSettings = {
				ALWAYS_SEARCH_USER_PATHS = NO;
				CLANG_ANALYZER_NONNULL = YES;
				CLANG_ANALYZER_NUMBER_OBJECT_CONVERSION = YES_AGGRESSIVE;
				CLANG_CXX_LANGUAGE_STANDARD = "gnu++17";
				CLANG_ENABLE_MODULES = YES;
				CLANG_ENABLE_OBJC_ARC = YES;
				CLANG_ENABLE_OBJC_WEAK = YES;
				CLANG_WARN_BLOCK_CAPTURE_AUTORELEASING = YES;
				CLANG_WARN_BOOL_CONVERSION = YES;
				CLANG_WARN_COMMA = YES;
				CLANG_WARN_CONSTANT_CONVERSION = YES;
				CLANG_WARN_DEPRECATED_OBJC_IMPLEMENTATIONS = YES;
				CLANG_WARN_DIRECT_OBJC_ISA_USAGE = YES_ERROR;
				CLANG_WARN_DOCUMENTATION_COMMENTS = YES;
				CLANG_WARN_EMPTY_BODY = YES;
				CLANG_WARN_ENUM_CONVERSION = YES;
				CLANG_WARN_INFINITE_RECURSION = YES;
				CLANG_WARN_INT_CONVERSION = YES;
				CLANG_WARN_NON_LITERAL_NULL_CONVERSION = YES;
				CLANG_WARN_OBJC_IMPLICIT_RETAIN_SELF = YES;
				CLANG_WARN_OBJC_LITERAL_CONVERSION = YES;
				CLANG_WARN_OBJC_ROOT_CLASS = YES_ERROR;
				CLANG_WARN_QUOTED_INCLUDE_IN_FRAMEWORK_HEADER = YES;
				CLANG_WARN_RANGE_LOOP_ANALYSIS = YES;
				CLANG_WARN_STRICT_PROTOTYPES = YES;
				CLANG_WARN_SUSPICIOUS_MOVE = YES;
				CLANG_WARN_UNGUARDED_AVAILABILITY = YES_AGGRESSIVE;
				CLANG_WARN_UNREACHABLE_CODE = YES;
				CLANG_WARN__DUPLICATE_METHOD_MATCH = YES;
				COPY_PHASE_STRIP = NO;
				DEBUG_INFORMATION_FORMAT = dwarf;
				ENABLE_STRICT_OBJC_MSGSEND = YES;
				ENABLE_TESTABILITY = YES;
				GCC_C_LANGUAGE_STANDARD = gnu11;
				GCC_DYNAMIC_NO_PIC = NO;
				GCC_NO_COMMON_BLOCKS = YES;
				GCC_OPTIMIZATION_LEVEL = 0;
				GCC_PREPROCESSOR_DEFINITIONS = (
					"DEBUG=1",
					"$(inherited)",
				);
				GCC_WARN_64_TO_32_BIT_CONVERSION = YES;
				GCC_WARN_ABOUT_RETURN_TYPE = YES_ERROR;
				GCC_WARN_UNDECLARED_SELECTOR = YES;
				GCC_WARN_UNINITIALIZED_AUTOS = YES_AGGRESSIVE;
				GCC_WARN_UNUSED_FUNCTION = YES;
				GCC_WARN_UNUSED_VARIABLE = YES;
				IPHONEOS_DEPLOYMENT_TARGET = 15.5;
				MTL_ENABLE_DEBUG_INFO = INCLUDE_SOURCE;
				MTL_FAST_MATH = YES;
				ONLY_ACTIVE_ARCH = YES;
				SDKROOT = iphoneos;
				SWIFT_ACTIVE_COMPILATION_CONDITIONS = DEBUG;
				SWIFT_OPTIMIZATION_LEVEL = "-Onone";
			};
			name = Debug;
		};
		11764C8828B1292D00E4AFCF /* Release */ = {
			isa = XCBuildConfiguration;
			buildSettings = {
				ALWAYS_SEARCH_USER_PATHS = NO;
				CLANG_ANALYZER_NONNULL = YES;
				CLANG_ANALYZER_NUMBER_OBJECT_CONVERSION = YES_AGGRESSIVE;
				CLANG_CXX_LANGUAGE_STANDARD = "gnu++17";
				CLANG_ENABLE_MODULES = YES;
				CLANG_ENABLE_OBJC_ARC = YES;
				CLANG_ENABLE_OBJC_WEAK = YES;
				CLANG_WARN_BLOCK_CAPTURE_AUTORELEASING = YES;
				CLANG_WARN_BOOL_CONVERSION = YES;
				CLANG_WARN_COMMA = YES;
				CLANG_WARN_CONSTANT_CONVERSION = YES;
				CLANG_WARN_DEPRECATED_OBJC_IMPLEMENTATIONS = YES;
				CLANG_WARN_DIRECT_OBJC_ISA_USAGE = YES_ERROR;
				CLANG_WARN_DOCUMENTATION_COMMENTS = YES;
				CLANG_WARN_EMPTY_BODY = YES;
				CLANG_WARN_ENUM_CONVERSION = YES;
				CLANG_WARN_INFINITE_RECURSION = YES;
				CLANG_WARN_INT_CONVERSION = YES;
				CLANG_WARN_NON_LITERAL_NULL_CONVERSION = YES;
				CLANG_WARN_OBJC_IMPLICIT_RETAIN_SELF = YES;
				CLANG_WARN_OBJC_LITERAL_CONVERSION = YES;
				CLANG_WARN_OBJC_ROOT_CLASS = YES_ERROR;
				CLANG_WARN_QUOTED_INCLUDE_IN_FRAMEWORK_HEADER = YES;
				CLANG_WARN_RANGE_LOOP_ANALYSIS = YES;
				CLANG_WARN_STRICT_PROTOTYPES = YES;
				CLANG_WARN_SUSPICIOUS_MOVE = YES;
				CLANG_WARN_UNGUARDED_AVAILABILITY = YES_AGGRESSIVE;
				CLANG_WARN_UNREACHABLE_CODE = YES;
				CLANG_WARN__DUPLICATE_METHOD_MATCH = YES;
				COPY_PHASE_STRIP = NO;
				DEBUG_INFORMATION_FORMAT = "dwarf-with-dsym";
				ENABLE_NS_ASSERTIONS = NO;
				ENABLE_STRICT_OBJC_MSGSEND = YES;
				GCC_C_LANGUAGE_STANDARD = gnu11;
				GCC_NO_COMMON_BLOCKS = YES;
				GCC_WARN_64_TO_32_BIT_CONVERSION = YES;
				GCC_WARN_ABOUT_RETURN_TYPE = YES_ERROR;
				GCC_WARN_UNDECLARED_SELECTOR = YES;
				GCC_WARN_UNINITIALIZED_AUTOS = YES_AGGRESSIVE;
				GCC_WARN_UNUSED_FUNCTION = YES;
				GCC_WARN_UNUSED_VARIABLE = YES;
				IPHONEOS_DEPLOYMENT_TARGET = 15.5;
				MTL_ENABLE_DEBUG_INFO = NO;
				MTL_FAST_MATH = YES;
				SDKROOT = iphoneos;
				SWIFT_COMPILATION_MODE = wholemodule;
				SWIFT_OPTIMIZATION_LEVEL = "-O";
				VALIDATE_PRODUCT = YES;
			};
			name = Release;
		};
		11764C8A28B1292D00E4AFCF /* Debug */ = {
			isa = XCBuildConfiguration;
			buildSettings = {
				ASSETCATALOG_COMPILER_APPICON_NAME = AppIcon;
				ASSETCATALOG_COMPILER_GLOBAL_ACCENT_COLOR_NAME = AccentColor;
				CODE_SIGN_STYLE = Automatic;
				CURRENT_PROJECT_VERSION = 1;
				DEVELOPMENT_ASSET_PATHS = "\"RickAndMorty/Preview Content\"";
				DEVELOPMENT_TEAM = 78C9PH79UB;
				ENABLE_PREVIEWS = YES;
				GENERATE_INFOPLIST_FILE = YES;
				INFOPLIST_KEY_UIApplicationSceneManifest_Generation = YES;
				INFOPLIST_KEY_UIApplicationSupportsIndirectInputEvents = YES;
				INFOPLIST_KEY_UILaunchScreen_Generation = YES;
				INFOPLIST_KEY_UISupportedInterfaceOrientations_iPad = "UIInterfaceOrientationPortrait UIInterfaceOrientationPortraitUpsideDown UIInterfaceOrientationLandscapeLeft UIInterfaceOrientationLandscapeRight";
				INFOPLIST_KEY_UISupportedInterfaceOrientations_iPhone = "UIInterfaceOrientationPortrait UIInterfaceOrientationLandscapeLeft UIInterfaceOrientationLandscapeRight";
				LD_RUNPATH_SEARCH_PATHS = (
					"$(inherited)",
					"@executable_path/Frameworks",
				);
				MARKETING_VERSION = 1.0;
				PRODUCT_BUNDLE_IDENTIFIER = senyuk.RickAndMorty;
				PRODUCT_NAME = "$(TARGET_NAME)";
				SWIFT_EMIT_LOC_STRINGS = YES;
				SWIFT_VERSION = 5.0;
				TARGETED_DEVICE_FAMILY = "1,2";
			};
			name = Debug;
		};
		11764C8B28B1292D00E4AFCF /* Release */ = {
			isa = XCBuildConfiguration;
			buildSettings = {
				ASSETCATALOG_COMPILER_APPICON_NAME = AppIcon;
				ASSETCATALOG_COMPILER_GLOBAL_ACCENT_COLOR_NAME = AccentColor;
				CODE_SIGN_STYLE = Automatic;
				CURRENT_PROJECT_VERSION = 1;
				DEVELOPMENT_ASSET_PATHS = "\"RickAndMorty/Preview Content\"";
				DEVELOPMENT_TEAM = 78C9PH79UB;
				ENABLE_PREVIEWS = YES;
				GENERATE_INFOPLIST_FILE = YES;
				INFOPLIST_KEY_UIApplicationSceneManifest_Generation = YES;
				INFOPLIST_KEY_UIApplicationSupportsIndirectInputEvents = YES;
				INFOPLIST_KEY_UILaunchScreen_Generation = YES;
				INFOPLIST_KEY_UISupportedInterfaceOrientations_iPad = "UIInterfaceOrientationPortrait UIInterfaceOrientationPortraitUpsideDown UIInterfaceOrientationLandscapeLeft UIInterfaceOrientationLandscapeRight";
				INFOPLIST_KEY_UISupportedInterfaceOrientations_iPhone = "UIInterfaceOrientationPortrait UIInterfaceOrientationLandscapeLeft UIInterfaceOrientationLandscapeRight";
				LD_RUNPATH_SEARCH_PATHS = (
					"$(inherited)",
					"@executable_path/Frameworks",
				);
				MARKETING_VERSION = 1.0;
				PRODUCT_BUNDLE_IDENTIFIER = senyuk.RickAndMorty;
				PRODUCT_NAME = "$(TARGET_NAME)";
				SWIFT_EMIT_LOC_STRINGS = YES;
				SWIFT_VERSION = 5.0;
				TARGETED_DEVICE_FAMILY = "1,2";
			};
			name = Release;
		};
/* End XCBuildConfiguration section */

/* Begin XCConfigurationList section */
		11764C7628B1292A00E4AFCF /* Build configuration list for PBXProject "RickAndMorty" */ = {
			isa = XCConfigurationList;
			buildConfigurations = (
				11764C8728B1292D00E4AFCF /* Debug */,
				11764C8828B1292D00E4AFCF /* Release */,
			);
			defaultConfigurationIsVisible = 0;
			defaultConfigurationName = Release;
		};
		11764C8928B1292D00E4AFCF /* Build configuration list for PBXNativeTarget "RickAndMorty" */ = {
			isa = XCConfigurationList;
			buildConfigurations = (
				11764C8A28B1292D00E4AFCF /* Debug */,
				11764C8B28B1292D00E4AFCF /* Release */,
			);
			defaultConfigurationIsVisible = 0;
			defaultConfigurationName = Release;
		};
/* End XCConfigurationList section */
	};
	rootObject = 11764C7328B1292A00E4AFCF /* Project object */;
}
